
Microsoft Visual Studio Solution File, Format Version 12.00
# Visual Studio Version 17
VisualStudioVersion = 17.7.34031.279
MinimumVisualStudioVersion = 10.0.40219.1
Project("{54A90642-561A-4BB1-A94E-469ADEE60C69}") = "angularapp", "angularapp\angularapp.esproj", "{A3C8E758-CC95-4E52-B433-920B4C6FD1DE}"
EndProject
Project("{9A19103F-16F7-4668-BE54-9A1E7A4F7556}") = "webapi", "webapi\webapi.csproj", "{086E7F03-40FA-4662-937E-1E3C80E5CDAF}"
EndProject
Global
	GlobalSection(SolutionConfigurationPlatforms) = preSolution
		Debug|Any CPU = Debug|Any CPU
		Release|Any CPU = Release|Any CPU
	EndGlobalSection
	GlobalSection(ProjectConfigurationPlatforms) = postSolution
		{A3C8E758-CC95-4E52-B433-920B4C6FD1DE}.Debug|Any CPU.ActiveCfg = Debug|Any CPU
		{A3C8E758-CC95-4E52-B433-920B4C6FD1DE}.Debug|Any CPU.Build.0 = Debug|Any CPU
		{A3C8E758-CC95-4E52-B433-920B4C6FD1DE}.Debug|Any CPU.Deploy.0 = Debug|Any CPU
		{A3C8E758-CC95-4E52-B433-920B4C6FD1DE}.Release|Any CPU.ActiveCfg = Release|Any CPU
		{A3C8E758-CC95-4E52-B433-920B4C6FD1DE}.Release|Any CPU.Build.0 = Release|Any CPU
		{A3C8E758-CC95-4E52-B433-920B4C6FD1DE}.Release|Any CPU.Deploy.0 = Release|Any CPU
		{086E7F03-40FA-4662-937E-1E3C80E5CDAF}.Debug|Any CPU.ActiveCfg = Debug|Any CPU
		{086E7F03-40FA-4662-937E-1E3C80E5CDAF}.Debug|Any CPU.Build.0 = Debug|Any CPU
		{086E7F03-40FA-4662-937E-1E3C80E5CDAF}.Release|Any CPU.ActiveCfg = Release|Any CPU
		{086E7F03-40FA-4662-937E-1E3C80E5CDAF}.Release|Any CPU.Build.0 = Release|Any CPU
	EndGlobalSection
	GlobalSection(SolutionProperties) = preSolution
		HideSolutionNode = FALSE
	EndGlobalSection
	GlobalSection(ExtensibilityGlobals) = postSolution
		SolutionGuid = {E15D0D36-53C8-4E15-90EF-45ABAF931836}
	EndGlobalSection
EndGlobal
